# THIS IS AN AUTOGENERATED FILE. DO NOT EDIT THIS FILE DIRECTLY.
# yarn lockfile v1


sx-base-kits@^1.0.3:
  version "1.0.3"
  resolved "https://registry.yarnpkg.com/sx-base-kits/-/sx-base-kits-1.0.3.tgz#6ea246862aca6ba0e3871f3970abf41b47466a13"
  integrity sha512-YnDD66KRJhTu1i0LEycz+3KC/d5kYC22k+49kOsdeES+Vkbq69kwv0j0DOL1zcAxooV6sxRWZNAj/gVEVAFXFw==
  dependencies:
    tsc "^2.0.4"

tsc@^2.0.4:
  version "2.0.4"
  resolved "https://registry.yarnpkg.com/tsc/-/tsc-2.0.4.tgz#5f6499146abea5dca4420b451fa4f2f9345238f5"
  integrity sha512-fzoSieZI5KKJVBYGvwbVZs/J5za84f2lSTLPYf6AGiIf43tZ3GNrI1QzTLcjtyDDP4aLxd46RTZq1nQxe7+k5Q==

typescript@^5.7.3:
  version "5.7.3"
  resolved "https://registry.yarnpkg.com/typescript/-/typescript-5.7.3.tgz#919b44a7dbb8583a9b856d162be24a54bf80073e"
  integrity sha512-84MVSjMEHP+FQRPy3pX9sTVV/INIex71s9TL2Gm5FG/WG1SqXeKyZ0k7/blY/4FdOzI12CBy1vGc4og/eus0fw==
